// !$*UTF8*$!
{
	archiveVersion = 1;
	classes = {
	};
	objectVersion = 56;
	objects = {

/* Begin PBXBuildFile section */
		831A81502992BCEA0036A048 /* GeometryShapesApp.swift in Sources */ = {isa = PBXBuildFile; fileRef = 831A814F2992BCEA0036A048 /* GeometryShapesApp.swift */; };
		831A81522992BCEA0036A048 /* ContentView.swift in Sources */ = {isa = PBXBuildFile; fileRef = 831A81512992BCEA0036A048 /* ContentView.swift */; };
		831A81542992BCEB0036A048 /* Assets.xcassets in Resources */ = {isa = PBXBuildFile; fileRef = 831A81532992BCEB0036A048 /* Assets.xcassets */; };
		831A81572992BCEB0036A048 /* Preview Assets.xcassets in Resources */ = {isa = PBXBuildFile; fileRef = 831A81562992BCEB0036A048 /* Preview Assets.xcassets */; };
		831A81612992BCEB0036A048 /* GeometryShapesTests.swift in Sources */ = {isa = PBXBuildFile; fileRef = 831A81602992BCEB0036A048 /* GeometryShapesTests.swift */; };
		831A816B2992BCEB0036A048 /* GeometryShapesUITests.swift in Sources */ = {isa = PBXBuildFile; fileRef = 831A816A2992BCEB0036A048 /* GeometryShapesUITests.swift */; };
		831A816D2992BCEB0036A048 /* GeometryShapesUITestsLaunchTests.swift in Sources */ = {isa = PBXBuildFile; fileRef = 831A816C2992BCEB0036A048 /* GeometryShapesUITestsLaunchTests.swift */; };
		83AF0DEF299403A700F595B1 /* Sulphur.swift in Sources */ = {isa = PBXBuildFile; fileRef = 83AF0DEE299403A700F595B1 /* Sulphur.swift */; };
		83F53A832992BE3200241B11 /* IslamicStar.swift in Sources */ = {isa = PBXBuildFile; fileRef = 83F53A822992BE3200241B11 /* IslamicStar.swift */; };
		83F53A862992C10600241B11 /* InfinitySymbol.swift in Sources */ = {isa = PBXBuildFile; fileRef = 83F53A852992C10600241B11 /* InfinitySymbol.swift */; };
/* End PBXBuildFile section */

/* Begin PBXContainerItemProxy section */
		831A815D2992BCEB0036A048 /* PBXContainerItemProxy */ = {
			isa = PBXContainerItemProxy;
			containerPortal = 831A81442992BCEA0036A048 /* Project object */;
			proxyType = 1;
			remoteGlobalIDString = 831A814B2992BCEA0036A048;
			remoteInfo = GeometryShapes;
		};
		831A81672992BCEB0036A048 /* PBXContainerItemProxy */ = {
			isa = PBXContainerItemProxy;
			containerPortal = 831A81442992BCEA0036A048 /* Project object */;
			proxyType = 1;
			remoteGlobalIDString = 831A814B2992BCEA0036A048;
			remoteInfo = GeometryShapes;
		};
/* End PBXContainerItemProxy section */

/* Begin PBXFileReference section */
		831A814C2992BCEA0036A048 /* GeometryShapes.app */ = {isa = PBXFileReference; explicitFileType = wrapper.application; includeInIndex = 0; path = GeometryShapes.app; sourceTree = BUILT_PRODUCTS_DIR; };
		831A814F2992BCEA0036A048 /* GeometryShapesApp.swift */ = {isa = PBXFileReference; lastKnownFileType = sourcecode.swift; path = GeometryShapesApp.swift; sourceTree = "<group>"; };
		831A81512992BCEA0036A048 /* ContentView.swift */ = {isa = PBXFileReference; lastKnownFileType = sourcecode.swift; path = ContentView.swift; sourceTree = "<group>"; };
		831A81532992BCEB0036A048 /* Assets.xcassets */ = {isa = PBXFileReference; lastKnownFileType = folder.assetcatalog; path = Assets.xcassets; sourceTree = "<group>"; };
		831A81562992BCEB0036A048 /* Preview Assets.xcassets */ = {isa = PBXFileReference; lastKnownFileType = folder.assetcatalog; path = "Preview Assets.xcassets"; sourceTree = "<group>"; };
		831A815C2992BCEB0036A048 /* GeometryShapesTests.xctest */ = {isa = PBXFileReference; explicitFileType = wrapper.cfbundle; includeInIndex = 0; path = GeometryShapesTests.xctest; sourceTree = BUILT_PRODUCTS_DIR; };
		831A81602992BCEB0036A048 /* GeometryShapesTests.swift */ = {isa = PBXFileReference; lastKnownFileType = sourcecode.swift; path = GeometryShapesTests.swift; sourceTree = "<group>"; };
		831A81662992BCEB0036A048 /* GeometryShapesUITests.xctest */ = {isa = PBXFileReference; explicitFileType = wrapper.cfbundle; includeInIndex = 0; path = GeometryShapesUITests.xctest; sourceTree = BUILT_PRODUCTS_DIR; };
		831A816A2992BCEB0036A048 /* GeometryShapesUITests.swift */ = {isa = PBXFileReference; lastKnownFileType = sourcecode.swift; path = GeometryShapesUITests.swift; sourceTree = "<group>"; };
		831A816C2992BCEB0036A048 /* GeometryShapesUITestsLaunchTests.swift */ = {isa = PBXFileReference; lastKnownFileType = sourcecode.swift; path = GeometryShapesUITestsLaunchTests.swift; sourceTree = "<group>"; };
		83AF0DEE299403A700F595B1 /* Sulphur.swift */ = {isa = PBXFileReference; lastKnownFileType = sourcecode.swift; path = Sulphur.swift; sourceTree = "<group>"; };
		83F53A822992BE3200241B11 /* IslamicStar.swift */ = {isa = PBXFileReference; lastKnownFileType = sourcecode.swift; path = IslamicStar.swift; sourceTree = "<group>"; };
		83F53A852992C10600241B11 /* InfinitySymbol.swift */ = {isa = PBXFileReference; lastKnownFileType = sourcecode.swift; path = InfinitySymbol.swift; sourceTree = "<group>"; };
/* End PBXFileReference section */

/* Begin PBXFrameworksBuildPhase section */
		831A81492992BCEA0036A048 /* Frameworks */ = {
			isa = PBXFrameworksBuildPhase;
			buildActionMask = 2147483647;
			files = (
			);
			runOnlyForDeploymentPostprocessing = 0;
		};
		831A81592992BCEB0036A048 /* Frameworks */ = {
			isa = PBXFrameworksBuildPhase;
			buildActionMask = 2147483647;
			files = (
			);
			runOnlyForDeploymentPostprocessing = 0;
		};
		831A81632992BCEB0036A048 /* Frameworks */ = {
			isa = PBXFrameworksBuildPhase;
			buildActionMask = 2147483647;
			files = (
			);
			runOnlyForDeploymentPostprocessing = 0;
		};
/* End PBXFrameworksBuildPhase section */

/* Begin PBXGroup section */
		831A81432992BCEA0036A048 = {
			isa = PBXGroup;
			children = (
				831A814E2992BCEA0036A048 /* GeometryShapes */,
				831A815F2992BCEB0036A048 /* GeometryShapesTests */,
				831A81692992BCEB0036A048 /* GeometryShapesUITests */,
				831A814D2992BCEA0036A048 /* Products */,
			);
			sourceTree = "<group>";
		};
		831A814D2992BCEA0036A048 /* Products */ = {
			isa = PBXGroup;
			children = (
				831A814C2992BCEA0036A048 /* GeometryShapes.app */,
				831A815C2992BCEB0036A048 /* GeometryShapesTests.xctest */,
				831A81662992BCEB0036A048 /* GeometryShapesUITests.xctest */,
			);
			name = Products;
			sourceTree = "<group>";
		};
		831A814E2992BCEA0036A048 /* GeometryShapes */ = {
			isa = PBXGroup;
			children = (
				83AF0DED2994038E00F595B1 /* Alchemy */,
				831A814F2992BCEA0036A048 /* GeometryShapesApp.swift */,
				831A81512992BCEA0036A048 /* ContentView.swift */,
				831A81532992BCEB0036A048 /* Assets.xcassets */,
				831A81552992BCEB0036A048 /* Preview Content */,
				83F53A822992BE3200241B11 /* IslamicStar.swift */,
				83F53A852992C10600241B11 /* InfinitySymbol.swift */,
			);
			path = GeometryShapes;
			sourceTree = "<group>";
		};
		831A81552992BCEB0036A048 /* Preview Content */ = {
			isa = PBXGroup;
			children = (
				831A81562992BCEB0036A048 /* Preview Assets.xcassets */,
			);
			path = "Preview Content";
			sourceTree = "<group>";
		};
		831A815F2992BCEB0036A048 /* GeometryShapesTests */ = {
			isa = PBXGroup;
			children = (
				831A81602992BCEB0036A048 /* GeometryShapesTests.swift */,
			);
			path = GeometryShapesTests;
			sourceTree = "<group>";
		};
		831A81692992BCEB0036A048 /* GeometryShapesUITests */ = {
			isa = PBXGroup;
			children = (
				831A816A2992BCEB0036A048 /* GeometryShapesUITests.swift */,
				831A816C2992BCEB0036A048 /* GeometryShapesUITestsLaunchTests.swift */,
			);
			path = GeometryShapesUITests;
			sourceTree = "<group>";
		};
		83AF0DED2994038E00F595B1 /* Alchemy */ = {
			isa = PBXGroup;
			children = (
				83AF0DEE299403A700F595B1 /* Sulphur.swift */,
			);
			path = Alchemy;
			sourceTree = "<group>";
		};
/* End PBXGroup section */

/* Begin PBXNativeTarget section */
		831A814B2992BCEA0036A048 /* GeometryShapes */ = {
			isa = PBXNativeTarget;
			buildConfigurationList = 831A81702992BCEB0036A048 /* Build configuration list for PBXNativeTarget "GeometryShapes" */;
			buildPhases = (
				831A81482992BCEA0036A048 /* Sources */,
				831A81492992BCEA0036A048 /* Frameworks */,
				831A814A2992BCEA0036A048 /* Resources */,
			);
			buildRules = (
			);
			dependencies = (
			);
			name = GeometryShapes;
			productName = GeometryShapes;
			productReference = 831A814C2992BCEA0036A048 /* GeometryShapes.app */;
			productType = "com.apple.product-type.application";
		};
		831A815B2992BCEB0036A048 /* GeometryShapesTests */ = {
			isa = PBXNativeTarget;
			buildConfigurationList = 831A81732992BCEB0036A048 /* Build configuration list for PBXNativeTarget "GeometryShapesTests" */;
			buildPhases = (
				831A81582992BCEB0036A048 /* Sources */,
				831A81592992BCEB0036A048 /* Frameworks */,
				831A815A2992BCEB0036A048 /* Resources */,
			);
			buildRules = (
			);
			dependencies = (
				831A815E2992BCEB0036A048 /* PBXTargetDependency */,
			);
			name = GeometryShapesTests;
			productName = GeometryShapesTests;
			productReference = 831A815C2992BCEB0036A048 /* GeometryShapesTests.xctest */;
			productType = "com.apple.product-type.bundle.unit-test";
		};
		831A81652992BCEB0036A048 /* GeometryShapesUITests */ = {
			isa = PBXNativeTarget;
			buildConfigurationList = 831A81762992BCEB0036A048 /* Build configuration list for PBXNativeTarget "GeometryShapesUITests" */;
			buildPhases = (
				831A81622992BCEB0036A048 /* Sources */,
				831A81632992BCEB0036A048 /* Frameworks */,
				831A81642992BCEB0036A048 /* Resources */,
			);
			buildRules = (
			);
			dependencies = (
				831A81682992BCEB0036A048 /* PBXTargetDependency */,
			);
			name = GeometryShapesUITests;
			productName = GeometryShapesUITests;
			productReference = 831A81662992BCEB0036A048 /* GeometryShapesUITests.xctest */;
			productType = "com.apple.product-type.bundle.ui-testing";
		};
/* End PBXNativeTarget section */

/* Begin PBXProject section */
		831A81442992BCEA0036A048 /* Project object */ = {
			isa = PBXProject;
			attributes = {
				BuildIndependentTargetsInParallel = 1;
				LastSwiftUpdateCheck = 1420;
				LastUpgradeCheck = 1420;
				TargetAttributes = {
					831A814B2992BCEA0036A048 = {
						CreatedOnToolsVersion = 14.2;
					};
					831A815B2992BCEB0036A048 = {
						CreatedOnToolsVersion = 14.2;
						TestTargetID = 831A814B2992BCEA0036A048;
					};
					831A81652992BCEB0036A048 = {
						CreatedOnToolsVersion = 14.2;
						TestTargetID = 831A814B2992BCEA0036A048;
					};
				};
			};
			buildConfigurationList = 831A81472992BCEA0036A048 /* Build configuration list for PBXProject "GeometryShapes" */;
			compatibilityVersion = "Xcode 14.0";
			developmentRegion = en;
			hasScannedForEncodings = 0;
			knownRegions = (
				en,
				Base,
			);
			mainGroup = 831A81432992BCEA0036A048;
			productRefGroup = 831A814D2992BCEA0036A048 /* Products */;
			projectDirPath = "";
			projectRoot = "";
			targets = (
				831A814B2992BCEA0036A048 /* GeometryShapes */,
				831A815B2992BCEB0036A048 /* GeometryShapesTests */,
				831A81652992BCEB0036A048 /* GeometryShapesUITests */,
			);
		};
/* End PBXProject section */

/* Begin PBXResourcesBuildPhase section */
		831A814A2992BCEA0036A048 /* Resources */ = {
			isa = PBXResourcesBuildPhase;
			buildActionMask = 2147483647;
			files = (
				831A81572992BCEB0036A048 /* Preview Assets.xcassets in Resources */,
				831A81542992BCEB0036A048 /* Assets.xcassets in Resources */,
			);
			runOnlyForDeploymentPostprocessing = 0;
		};
		831A815A2992BCEB0036A048 /* Resources */ = {
			isa = PBXResourcesBuildPhase;
			buildActionMask = 2147483647;
			files = (
			);
			runOnlyForDeploymentPostprocessing = 0;
		};
		831A81642992BCEB0036A048 /* Resources */ = {
			isa = PBXResourcesBuildPhase;
			buildActionMask = 2147483647;
			files = (
			);
			runOnlyForDeploymentPostprocessing = 0;
		};
/* End PBXResourcesBuildPhase section */

/* Begin PBXSourcesBuildPhase section */
		831A81482992BCEA0036A048 /* Sources */ = {
			isa = PBXSourcesBuildPhase;
			buildActionMask = 2147483647;
			files = (
				831A81522992BCEA0036A048 /* ContentView.swift in Sources */,
				83F53A832992BE3200241B11 /* IslamicStar.swift in Sources */,
				831A81502992BCEA0036A048 /* GeometryShapesApp.swift in Sources */,
				83F53A862992C10600241B11 /* InfinitySymbol.swift in Sources */,
				83AF0DEF299403A700F595B1 /* Sulphur.swift in Sources */,
			);
			runOnlyForDeploymentPostprocessing = 0;
		};
		831A81582992BCEB0036A048 /* Sources */ = {
			isa = PBXSourcesBuildPhase;
			buildActionMask = 2147483647;
			files = (
				831A81612992BCEB0036A048 /* GeometryShapesTests.swift in Sources */,
			);
			runOnlyForDeploymentPostprocessing = 0;
		};
		831A81622992BCEB0036A048 /* Sources */ = {
			isa = PBXSourcesBuildPhase;
			buildActionMask = 2147483647;
			files = (
				831A816D2992BCEB0036A048 /* GeometryShapesUITestsLaunchTests.swift in Sources */,
				831A816B2992BCEB0036A048 /* GeometryShapesUITests.swift in Sources */,
			);
			runOnlyForDeploymentPostprocessing = 0;
		};
/* End PBXSourcesBuildPhase section */

/* Begin PBXTargetDependency section */
		831A815E2992BCEB0036A048 /* PBXTargetDependency */ = {
			isa = PBXTargetDependency;
			target = 831A814B2992BCEA0036A048 /* GeometryShapes */;
			targetProxy = 831A815D2992BCEB0036A048 /* PBXContainerItemProxy */;
		};
		831A81682992BCEB0036A048 /* PBXTargetDependency */ = {
			isa = PBXTargetDependency;
			target = 831A814B2992BCEA0036A048 /* GeometryShapes */;
			targetProxy = 831A81672992BCEB0036A048 /* PBXContainerItemProxy */;
		};
/* End PBXTargetDependency section */

/* Begin XCBuildConfiguration section */
		831A816E2992BCEB0036A048 /* Debug */ = {
			isa = XCBuildConfiguration;
			buildSettings = {
				ALWAYS_SEARCH_USER_PATHS = NO;
				CLANG_ANALYZER_NONNULL = YES;
				CLANG_ANALYZER_NUMBER_OBJECT_CONVERSION = YES_AGGRESSIVE;
				CLANG_CXX_LANGUAGE_STANDARD = "gnu++20";
				CLANG_ENABLE_MODULES = YES;
				CLANG_ENABLE_OBJC_ARC = YES;
				CLANG_ENABLE_OBJC_WEAK = YES;
				CLANG_WARN_BLOCK_CAPTURE_AUTORELEASING = YES;
				CLANG_WARN_BOOL_CONVERSION = YES;
				CLANG_WARN_COMMA = YES;
				CLANG_WARN_CONSTANT_CONVERSION = YES;
				CLANG_WARN_DEPRECATED_OBJC_IMPLEMENTATIONS = YES;
				CLANG_WARN_DIRECT_OBJC_ISA_USAGE = YES_ERROR;
				CLANG_WARN_DOCUMENTATION_COMMENTS = YES;
				CLANG_WARN_EMPTY_BODY = YES;
				CLANG_WARN_ENUM_CONVERSION = YES;
				CLANG_WARN_INFINITE_RECURSION = YES;
				CLANG_WARN_INT_CONVERSION = YES;
				CLANG_WARN_NON_LITERAL_NULL_CONVERSION = YES;
				CLANG_WARN_OBJC_IMPLICIT_RETAIN_SELF = YES;
				CLANG_WARN_OBJC_LITERAL_CONVERSION = YES;
				CLANG_WARN_OBJC_ROOT_CLASS = YES_ERROR;
				CLANG_WARN_QUOTED_INCLUDE_IN_FRAMEWORK_HEADER = YES;
				CLANG_WARN_RANGE_LOOP_ANALYSIS = YES;
				CLANG_WARN_STRICT_PROTOTYPES = YES;
				CLANG_WARN_SUSPICIOUS_MOVE = YES;
				CLANG_WARN_UNGUARDED_AVAILABILITY = YES_AGGRESSIVE;
				CLANG_WARN_UNREACHABLE_CODE = YES;
				CLANG_WARN__DUPLICATE_METHOD_MATCH = YES;
				COPY_PHASE_STRIP = NO;
				DEBUG_INFORMATION_FORMAT = dwarf;
				ENABLE_STRICT_OBJC_MSGSEND = YES;
				ENABLE_TESTABILITY = YES;
				GCC_C_LANGUAGE_STANDARD = gnu11;
				GCC_DYNAMIC_NO_PIC = NO;
				GCC_NO_COMMON_BLOCKS = YES;
				GCC_OPTIMIZATION_LEVEL = 0;
				GCC_PREPROCESSOR_DEFINITIONS = (
					"DEBUG=1",
					"$(inherited)",
				);
				GCC_WARN_64_TO_32_BIT_CONVERSION = YES;
				GCC_WARN_ABOUT_RETURN_TYPE = YES_ERROR;
				GCC_WARN_UNDECLARED_SELECTOR = YES;
				GCC_WARN_UNINITIALIZED_AUTOS = YES_AGGRESSIVE;
				GCC_WARN_UNUSED_FUNCTION = YES;
				GCC_WARN_UNUSED_VARIABLE = YES;
				IPHONEOS_DEPLOYMENT_TARGET = 16.2;
				MTL_ENABLE_DEBUG_INFO = INCLUDE_SOURCE;
				MTL_FAST_MATH = YES;
				ONLY_ACTIVE_ARCH = YES;
				SDKROOT = iphoneos;
				SWIFT_ACTIVE_COMPILATION_CONDITIONS = DEBUG;
				SWIFT_OPTIMIZATION_LEVEL = "-Onone";
			};
			name = Debug;
		};
		831A816F2992BCEB0036A048 /* Release */ = {
			isa = XCBuildConfiguration;
			buildSettings = {
				ALWAYS_SEARCH_USER_PATHS = NO;
				CLANG_ANALYZER_NONNULL = YES;
				CLANG_ANALYZER_NUMBER_OBJECT_CONVERSION = YES_AGGRESSIVE;
				CLANG_CXX_LANGUAGE_STANDARD = "gnu++20";
				CLANG_ENABLE_MODULES = YES;
				CLANG_ENABLE_OBJC_ARC = YES;
				CLANG_ENABLE_OBJC_WEAK = YES;
				CLANG_WARN_BLOCK_CAPTURE_AUTORELEASING = YES;
				CLANG_WARN_BOOL_CONVERSION = YES;
				CLANG_WARN_COMMA = YES;
				CLANG_WARN_CONSTANT_CONVERSION = YES;
				CLANG_WARN_DEPRECATED_OBJC_IMPLEMENTATIONS = YES;
				CLANG_WARN_DIRECT_OBJC_ISA_USAGE = YES_ERROR;
				CLANG_WARN_DOCUMENTATION_COMMENTS = YES;
				CLANG_WARN_EMPTY_BODY = YES;
				CLANG_WARN_ENUM_CONVERSION = YES;
				CLANG_WARN_INFINITE_RECURSION = YES;
				CLANG_WARN_INT_CONVERSION = YES;
				CLANG_WARN_NON_LITERAL_NULL_CONVERSION = YES;
				CLANG_WARN_OBJC_IMPLICIT_RETAIN_SELF = YES;
				CLANG_WARN_OBJC_LITERAL_CONVERSION = YES;
				CLANG_WARN_OBJC_ROOT_CLASS = YES_ERROR;
				CLANG_WARN_QUOTED_INCLUDE_IN_FRAMEWORK_HEADER = YES;
				CLANG_WARN_RANGE_LOOP_ANALYSIS = YES;
				CLANG_WARN_STRICT_PROTOTYPES = YES;
				CLANG_WARN_SUSPICIOUS_MOVE = YES;
				CLANG_WARN_UNGUARDED_AVAILABILITY = YES_AGGRESSIVE;
				CLANG_WARN_UNREACHABLE_CODE = YES;
				CLANG_WARN__DUPLICATE_METHOD_MATCH = YES;
				COPY_PHASE_STRIP = NO;
				DEBUG_INFORMATION_FORMAT = "dwarf-with-dsym";
				ENABLE_NS_ASSERTIONS = NO;
				ENABLE_STRICT_OBJC_MSGSEND = YES;
				GCC_C_LANGUAGE_STANDARD = gnu11;
				GCC_NO_COMMON_BLOCKS = YES;
				GCC_WARN_64_TO_32_BIT_CONVERSION = YES;
				GCC_WARN_ABOUT_RETURN_TYPE = YES_ERROR;
				GCC_WARN_UNDECLARED_SELECTOR = YES;
				GCC_WARN_UNINITIALIZED_AUTOS = YES_AGGRESSIVE;
				GCC_WARN_UNUSED_FUNCTION = YES;
				GCC_WARN_UNUSED_VARIABLE = YES;
				IPHONEOS_DEPLOYMENT_TARGET = 16.2;
				MTL_ENABLE_DEBUG_INFO = NO;
				MTL_FAST_MATH = YES;
				SDKROOT = iphoneos;
				SWIFT_COMPILATION_MODE = wholemodule;
				SWIFT_OPTIMIZATION_LEVEL = "-O";
				VALIDATE_PRODUCT = YES;
			};
			name = Release;
		};
		831A81712992BCEB0036A048 /* Debug */ = {
			isa = XCBuildConfiguration;
			buildSettings = {
				ASSETCATALOG_COMPILER_APPICON_NAME = AppIcon;
				ASSETCATALOG_COMPILER_GLOBAL_ACCENT_COLOR_NAME = AccentColor;
				CODE_SIGN_STYLE = Automatic;
				CURRENT_PROJECT_VERSION = 1;
				DEVELOPMENT_ASSET_PATHS = "\"GeometryShapes/Preview Content\"";
				DEVELOPMENT_TEAM = K2KX53Y52U;
				ENABLE_PREVIEWS = YES;
				GENERATE_INFOPLIST_FILE = YES;
				INFOPLIST_KEY_UIApplicationSceneManifest_Generation = YES;
				INFOPLIST_KEY_UIApplicationSupportsIndirectInputEvents = YES;
				INFOPLIST_KEY_UILaunchScreen_Generation = YES;
				INFOPLIST_KEY_UISupportedInterfaceOrientations_iPad = "UIInterfaceOrientationPortrait UIInterfaceOrientationPortraitUpsideDown UIInterfaceOrientationLandscapeLeft UIInterfaceOrientationLandscapeRight";
				INFOPLIST_KEY_UISupportedInterfaceOrientations_iPhone = "UIInterfaceOrientationPortrait UIInterfaceOrientationLandscapeLeft UIInterfaceOrientationLandscapeRight";
				LD_RUNPATH_SEARCH_PATHS = (
					"$(inherited)",
					"@executable_path/Frameworks",
				);
				MARKETING_VERSION = 1.0;
				PRODUCT_BUNDLE_IDENTIFIER = MohamedDiaa.GeometryShapes;
				PRODUCT_NAME = "$(TARGET_NAME)";
				SWIFT_EMIT_LOC_STRINGS = YES;
				SWIFT_VERSION = 5.0;
				TARGETED_DEVICE_FAMILY = "1,2";
			};
			name = Debug;
		};
		831A81722992BCEB0036A048 /* Release */ = {
			isa = XCBuildConfiguration;
			buildSettings = {
				ASSETCATALOG_COMPILER_APPICON_NAME = AppIcon;
				ASSETCATALOG_COMPILER_GLOBAL_ACCENT_COLOR_NAME = AccentColor;
				CODE_SIGN_STYLE = Automatic;
				CURRENT_PROJECT_VERSION = 1;
				DEVELOPMENT_ASSET_PATHS = "\"GeometryShapes/Preview Content\"";
				DEVELOPMENT_TEAM = K2KX53Y52U;
				ENABLE_PREVIEWS = YES;
				GENERATE_INFOPLIST_FILE = YES;
				INFOPLIST_KEY_UIApplicationSceneManifest_Generation = YES;
				INFOPLIST_KEY_UIApplicationSupportsIndirectInputEvents = YES;
				INFOPLIST_KEY_UILaunchScreen_Generation = YES;
				INFOPLIST_KEY_UISupportedInterfaceOrientations_iPad = "UIInterfaceOrientationPortrait UIInterfaceOrientationPortraitUpsideDown UIInterfaceOrientationLandscapeLeft UIInterfaceOrientationLandscapeRight";
				INFOPLIST_KEY_UISupportedInterfaceOrientations_iPhone = "UIInterfaceOrientationPortrait UIInterfaceOrientationLandscapeLeft UIInterfaceOrientationLandscapeRight";
				LD_RUNPATH_SEARCH_PATHS = (
					"$(inherited)",
					"@executable_path/Frameworks",
				);
				MARKETING_VERSION = 1.0;
				PRODUCT_BUNDLE_IDENTIFIER = MohamedDiaa.GeometryShapes;
				PRODUCT_NAME = "$(TARGET_NAME)";
				SWIFT_EMIT_LOC_STRINGS = YES;
				SWIFT_VERSION = 5.0;
				TARGETED_DEVICE_FAMILY = "1,2";
			};
			name = Release;
		};
		831A81742992BCEB0036A048 /* Debug */ = {
			isa = XCBuildConfiguration;
			buildSettings = {
				ALWAYS_EMBED_SWIFT_STANDARD_LIBRARIES = YES;
				BUNDLE_LOADER = "$(TEST_HOST)";
				CODE_SIGN_STYLE = Automatic;
				CURRENT_PROJECT_VERSION = 1;
				DEVELOPMENT_TEAM = K2KX53Y52U;
				GENERATE_INFOPLIST_FILE = YES;
				IPHONEOS_DEPLOYMENT_TARGET = 16.2;
				MARKETING_VERSION = 1.0;
				PRODUCT_BUNDLE_IDENTIFIER = MohamedDiaa.GeometryShapesTests;
				PRODUCT_NAME = "$(TARGET_NAME)";
				SWIFT_EMIT_LOC_STRINGS = NO;
				SWIFT_VERSION = 5.0;
				TARGETED_DEVICE_FAMILY = "1,2";
				TEST_HOST = "$(BUILT_PRODUCTS_DIR)/GeometryShapes.app/$(BUNDLE_EXECUTABLE_FOLDER_PATH)/GeometryShapes";
			};
			name = Debug;
		};
		831A81752992BCEB0036A048 /* Release */ = {
			isa = XCBuildConfiguration;
			buildSettings = {
				ALWAYS_EMBED_SWIFT_STANDARD_LIBRARIES = YES;
				BUNDLE_LOADER = "$(TEST_HOST)";
				CODE_SIGN_STYLE = Automatic;
				CURRENT_PROJECT_VERSION = 1;
				DEVELOPMENT_TEAM = K2KX53Y52U;
				GENERATE_INFOPLIST_FILE = YES;
				IPHONEOS_DEPLOYMENT_TARGET = 16.2;
				MARKETING_VERSION = 1.0;
				PRODUCT_BUNDLE_IDENTIFIER = MohamedDiaa.GeometryShapesTests;
				PRODUCT_NAME = "$(TARGET_NAME)";
				SWIFT_EMIT_LOC_STRINGS = NO;
				SWIFT_VERSION = 5.0;
				TARGETED_DEVICE_FAMILY = "1,2";
				TEST_HOST = "$(BUILT_PRODUCTS_DIR)/GeometryShapes.app/$(BUNDLE_EXECUTABLE_FOLDER_PATH)/GeometryShapes";
			};
			name = Release;
		};
		831A81772992BCEB0036A048 /* Debug */ = {
			isa = XCBuildConfiguration;
			buildSettings = {
				ALWAYS_EMBED_SWIFT_STANDARD_LIBRARIES = YES;
				CODE_SIGN_STYLE = Automatic;
				CURRENT_PROJECT_VERSION = 1;
				DEVELOPMENT_TEAM = K2KX53Y52U;
				GENERATE_INFOPLIST_FILE = YES;
				MARKETING_VERSION = 1.0;
				PRODUCT_BUNDLE_IDENTIFIER = MohamedDiaa.GeometryShapesUITests;
				PRODUCT_NAME = "$(TARGET_NAME)";
				SWIFT_EMIT_LOC_STRINGS = NO;
				SWIFT_VERSION = 5.0;
				TARGETED_DEVICE_FAMILY = "1,2";
				TEST_TARGET_NAME = GeometryShapes;
			};
			name = Debug;
		};
		831A81782992BCEB0036A048 /* Release */ = {
			isa = XCBuildConfiguration;
			buildSettings = {
				ALWAYS_EMBED_SWIFT_STANDARD_LIBRARIES = YES;
				CODE_SIGN_STYLE = Automatic;
				CURRENT_PROJECT_VERSION = 1;
				DEVELOPMENT_TEAM = K2KX53Y52U;
				GENERATE_INFOPLIST_FILE = YES;
				MARKETING_VERSION = 1.0;
				PRODUCT_BUNDLE_IDENTIFIER = MohamedDiaa.GeometryShapesUITests;
				PRODUCT_NAME = "$(TARGET_NAME)";
				SWIFT_EMIT_LOC_STRINGS = NO;
				SWIFT_VERSION = 5.0;
				TARGETED_DEVICE_FAMILY = "1,2";
				TEST_TARGET_NAME = GeometryShapes;
			};
			name = Release;
		};
/* End XCBuildConfiguration section */

/* Begin XCConfigurationList section */
		831A81472992BCEA0036A048 /* Build configuration list for PBXProject "GeometryShapes" */ = {
			isa = XCConfigurationList;
			buildConfigurations = (
				831A816E2992BCEB0036A048 /* Debug */,
				831A816F2992BCEB0036A048 /* Release */,
			);
			defaultConfigurationIsVisible = 0;
			defaultConfigurationName = Release;
		};
		831A81702992BCEB0036A048 /* Build configuration list for PBXNativeTarget "GeometryShapes" */ = {
			isa = XCConfigurationList;
			buildConfigurations = (
				831A81712992BCEB0036A048 /* Debug */,
				831A81722992BCEB0036A048 /* Release */,
			);
			defaultConfigurationIsVisible = 0;
			defaultConfigurationName = Release;
		};
		831A81732992BCEB0036A048 /* Build configuration list for PBXNativeTarget "GeometryShapesTests" */ = {
			isa = XCConfigurationList;
			buildConfigurations = (
				831A81742992BCEB0036A048 /* Debug */,
				831A81752992BCEB0036A048 /* Release */,
			);
			defaultConfigurationIsVisible = 0;
			defaultConfigurationName = Release;
		};
		831A81762992BCEB0036A048 /* Build configuration list for PBXNativeTarget "GeometryShapesUITests" */ = {
			isa = XCConfigurationList;
			buildConfigurations = (
				831A81772992BCEB0036A048 /* Debug */,
				831A81782992BCEB0036A048 /* Release */,
			);
			defaultConfigurationIsVisible = 0;
			defaultConfigurationName = Release;
		};
/* End XCConfigurationList section */
	};
	rootObject = 831A81442992BCEA0036A048 /* Project object */;
}
